
Microsoft Visual Studio Solution File, Format Version 12.00
# Visual Studio Version 17
VisualStudioVersion = 17.0.31903.59
MinimumVisualStudioVersion = 10.0.40219.1
Project("{FAE04EC0-301F-11D3-BF4B-00C04F79EFBC}") = "MyKitchen.Common", "..\..\Common\MyKitchen.Common\MyKitchen.Common.csproj", "{47783E54-882B-49CD-B9F1-DA2A6AF9AAD2}"
EndProject
Project("{2150E333-8FDC-42A3-9474-1A3956D46DE8}") = "Api", "Api", "{2D0FD8C0-43CD-4EAC-B665-DE04C2A1DA3A}"
EndProject
Project("{FAE04EC0-301F-11D3-BF4B-00C04F79EFBC}") = "MyKitchen.Microservices.Recipes.Api.Rest", "Api\MyKitchen.Microservices.Recipes.Api.Rest\MyKitchen.Microservices.Recipes.Api.Rest.csproj", "{B3590ABB-FD2A-4212-96EE-E37C5856AD9A}"
EndProject
Global
	GlobalSection(SolutionConfigurationPlatforms) = preSolution
		Debug|Any CPU = Debug|Any CPU
		Release|Any CPU = Release|Any CPU
	EndGlobalSection
	GlobalSection(ProjectConfigurationPlatforms) = postSolution
		{47783E54-882B-49CD-B9F1-DA2A6AF9AAD2}.Debug|Any CPU.ActiveCfg = Debug|Any CPU
		{47783E54-882B-49CD-B9F1-DA2A6AF9AAD2}.Debug|Any CPU.Build.0 = Debug|Any CPU
		{47783E54-882B-49CD-B9F1-DA2A6AF9AAD2}.Release|Any CPU.ActiveCfg = Release|Any CPU
		{47783E54-882B-49CD-B9F1-DA2A6AF9AAD2}.Release|Any CPU.Build.0 = Release|Any CPU
		{B3590ABB-FD2A-4212-96EE-E37C5856AD9A}.Debug|Any CPU.ActiveCfg = Debug|Any CPU
		{B3590ABB-FD2A-4212-96EE-E37C5856AD9A}.Debug|Any CPU.Build.0 = Debug|Any CPU
		{B3590ABB-FD2A-4212-96EE-E37C5856AD9A}.Release|Any CPU.ActiveCfg = Release|Any CPU
		{B3590ABB-FD2A-4212-96EE-E37C5856AD9A}.Release|Any CPU.Build.0 = Release|Any CPU
	EndGlobalSection
	GlobalSection(SolutionProperties) = preSolution
		HideSolutionNode = FALSE
	EndGlobalSection
	GlobalSection(NestedProjects) = preSolution
		{B3590ABB-FD2A-4212-96EE-E37C5856AD9A} = {2D0FD8C0-43CD-4EAC-B665-DE04C2A1DA3A}
	EndGlobalSection
EndGlobal
